
Microsoft Visual Studio Solution File, Format Version 12.00
# Visual Studio Version 16
VisualStudioVersion = 16.0.28803.352
MinimumVisualStudioVersion = 10.0.40219.1
Project("{9A19103F-16F7-4668-BE54-9A1E7A4F7556}") = "Gerencianet.SDK", "Gerencianet.SDK\Gerencianet.SDK.csproj", "{D6C3C87A-339D-475E-98EF-7917589AFB29}"
EndProject
Project("{9A19103F-16F7-4668-BE54-9A1E7A4F7556}") = "Gerencianet.SDK.Examples", "Gerencianet.SDK.Examples\Gerencianet.SDK.Examples.csproj", "{DE7D05B2-A77C-4DA2-A913-8030D7885645}"
	ProjectSection(ProjectDependencies) = postProject
		{D6C3C87A-339D-475E-98EF-7917589AFB29} = {D6C3C87A-339D-475E-98EF-7917589AFB29}
	EndProjectSection
EndProject
Global
	GlobalSection(SolutionConfigurationPlatforms) = preSolution
		Debug|Any CPU = Debug|Any CPU
		Release|Any CPU = Release|Any CPU
	EndGlobalSection
	GlobalSection(ProjectConfigurationPlatforms) = postSolution
		{D6C3C87A-339D-475E-98EF-7917589AFB29}.Debug|Any CPU.ActiveCfg = Debug|Any CPU
		{D6C3C87A-339D-475E-98EF-7917589AFB29}.Debug|Any CPU.Build.0 = Debug|Any CPU
		{D6C3C87A-339D-475E-98EF-7917589AFB29}.Release|Any CPU.ActiveCfg = Release|Any CPU
		{D6C3C87A-339D-475E-98EF-7917589AFB29}.Release|Any CPU.Build.0 = Release|Any CPU
		{DE7D05B2-A77C-4DA2-A913-8030D7885645}.Debug|Any CPU.ActiveCfg = Debug|Any CPU
		{DE7D05B2-A77C-4DA2-A913-8030D7885645}.Debug|Any CPU.Build.0 = Debug|Any CPU
		{DE7D05B2-A77C-4DA2-A913-8030D7885645}.Release|Any CPU.ActiveCfg = Release|Any CPU
		{DE7D05B2-A77C-4DA2-A913-8030D7885645}.Release|Any CPU.Build.0 = Release|Any CPU
	EndGlobalSection
	GlobalSection(SolutionProperties) = preSolution
		HideSolutionNode = FALSE
	EndGlobalSection
	GlobalSection(ExtensibilityGlobals) = postSolution
		SolutionGuid = {DBD003E7-7623-4071-A968-321953CE963C}
	EndGlobalSection
EndGlobal
